
Microsoft Visual Studio Solution File, Format Version 12.00
# Visual Studio Version 16
VisualStudioVersion = 16.0.29920.165
MinimumVisualStudioVersion = 10.0.40219.1
Project("{FAE04EC0-301F-11D3-BF4B-00C04F79EFBC}") = "MarsRover", "MarsRover\MarsRover.csproj", "{DBCAE68A-14B9-4BF4-A7A8-036124DE81AB}"
EndProject
Global
	GlobalSection(SolutionConfigurationPlatforms) = preSolution
		Debug|Any CPU = Debug|Any CPU
		Release|Any CPU = Release|Any CPU
	EndGlobalSection
	GlobalSection(ProjectConfigurationPlatforms) = postSolution
		{DBCAE68A-14B9-4BF4-A7A8-036124DE81AB}.Debug|Any CPU.ActiveCfg = Debug|Any CPU
		{DBCAE68A-14B9-4BF4-A7A8-036124DE81AB}.Debug|Any CPU.Build.0 = Debug|Any CPU
		{DBCAE68A-14B9-4BF4-A7A8-036124DE81AB}.Release|Any CPU.ActiveCfg = Release|Any CPU
		{DBCAE68A-14B9-4BF4-A7A8-036124DE81AB}.Release|Any CPU.Build.0 = Release|Any CPU
	EndGlobalSection
	GlobalSection(SolutionProperties) = preSolution
		HideSolutionNode = FALSE
	EndGlobalSection
	GlobalSection(ExtensibilityGlobals) = postSolution
		SolutionGuid = {B02EAB7D-86D4-447D-B6A9-4EE925E167B3}
	EndGlobalSection
EndGlobal
